# Code generated by scarb DO NOT EDIT.
version = 1

[[package]]
name = "openzeppelin_access"
version = "1.0.0"
source = "git+https://github.com/OpenZeppelin/cairo-contracts.git?tag=v1.0.0#755ce1adbf8d89ed23fbb8daa328fcbeab7c6424"
dependencies = [
 "openzeppelin_introspection",
 "openzeppelin_utils",
]

[[package]]
name = "openzeppelin_account"
version = "1.0.0"
source = "git+https://github.com/OpenZeppelin/cairo-contracts.git?tag=v1.0.0#755ce1adbf8d89ed23fbb8daa328fcbeab7c6424"
dependencies = [
 "openzeppelin_introspection",
 "openzeppelin_utils",
]

[[package]]
name = "openzeppelin_introspection"
version = "1.0.0"
source = "git+https://github.com/OpenZeppelin/cairo-contracts.git?tag=v1.0.0#755ce1adbf8d89ed23fbb8daa328fcbeab7c6424"

[[package]]
name = "openzeppelin_token"
version = "1.0.0"
source = "git+https://github.com/OpenZeppelin/cairo-contracts.git?tag=v1.0.0#755ce1adbf8d89ed23fbb8daa328fcbeab7c6424"
dependencies = [
 "openzeppelin_access",
 "openzeppelin_account",
 "openzeppelin_introspection",
 "openzeppelin_utils",
]

[[package]]
name = "openzeppelin_utils"
version = "1.0.0"
source = "git+https://github.com/OpenZeppelin/cairo-contracts.git?tag=v1.0.0#755ce1adbf8d89ed23fbb8daa328fcbeab7c6424"

[[package]]
name = "snforge_scarb_plugin"
version = "0.54.1"
source = "registry+https://scarbs.xyz/"
checksum = "sha256:5c754ba8c262633e60c2cd06710cb96604c8bf20595fe60965013fedd8a55df9"

[[package]]
name = "snforge_std"
version = "0.54.1"
source = "registry+https://scarbs.xyz/"
checksum = "sha256:e0532e6149ffc580e282d0774404e512a6814d477cd65529b91d5a09ac6e07d6"
dependencies = [
 "snforge_scarb_plugin",
]

[[package]]
name = "v1"
version = "0.1.0"
dependencies = [
 "openzeppelin_access",
 "openzeppelin_introspection",
 "openzeppelin_token",
 "snforge_std",
]
